
Microsoft Visual Studio Solution File, Format Version 12.00
# Visual Studio Version 17
VisualStudioVersion = 17.7.34031.279
MinimumVisualStudioVersion = 10.0.40219.1
Project("{FAE04EC0-301F-11D3-BF4B-00C04F79EFBC}") = "PAINT FINAL", "PAINT FINAL.csproj", "{E6509D0B-05DE-437C-9D8A-FE8105F82CB7}"
EndProject
Global
	GlobalSection(SolutionConfigurationPlatforms) = preSolution
		Debug|Any CPU = Debug|Any CPU
		Release|Any CPU = Release|Any CPU
	EndGlobalSection
	GlobalSection(ProjectConfigurationPlatforms) = postSolution
		{E6509D0B-05DE-437C-9D8A-FE8105F82CB7}.Debug|Any CPU.ActiveCfg = Debug|Any CPU
		{E6509D0B-05DE-437C-9D8A-FE8105F82CB7}.Debug|Any CPU.Build.0 = Debug|Any CPU
		{E6509D0B-05DE-437C-9D8A-FE8105F82CB7}.Release|Any CPU.ActiveCfg = Release|Any CPU
		{E6509D0B-05DE-437C-9D8A-FE8105F82CB7}.Release|Any CPU.Build.0 = Release|Any CPU
	EndGlobalSection
	GlobalSection(SolutionProperties) = preSolution
		HideSolutionNode = FALSE
	EndGlobalSection
	GlobalSection(ExtensibilityGlobals) = postSolution
		SolutionGuid = {4470B773-2DD6-4741-853E-F68029705644}
	EndGlobalSection
EndGlobal
