
Microsoft Visual Studio Solution File, Format Version 12.00
# Visual Studio Version 17
VisualStudioVersion = 17.7.34024.191
MinimumVisualStudioVersion = 10.0.40219.1
Project("{FAE04EC0-301F-11D3-BF4B-00C04F79EFBC}") = "kamen nuzky papir 2", "kamen nuzky papir 2\kamen nuzky papir 2.csproj", "{98A7BF8F-BABD-45EB-8CAB-9779F3600792}"
EndProject
Global
	GlobalSection(SolutionConfigurationPlatforms) = preSolution
		Debug|Any CPU = Debug|Any CPU
		Release|Any CPU = Release|Any CPU
	EndGlobalSection
	GlobalSection(ProjectConfigurationPlatforms) = postSolution
		{98A7BF8F-BABD-45EB-8CAB-9779F3600792}.Debug|Any CPU.ActiveCfg = Debug|Any CPU
		{98A7BF8F-BABD-45EB-8CAB-9779F3600792}.Debug|Any CPU.Build.0 = Debug|Any CPU
		{98A7BF8F-BABD-45EB-8CAB-9779F3600792}.Release|Any CPU.ActiveCfg = Release|Any CPU
		{98A7BF8F-BABD-45EB-8CAB-9779F3600792}.Release|Any CPU.Build.0 = Release|Any CPU
	EndGlobalSection
	GlobalSection(SolutionProperties) = preSolution
		HideSolutionNode = FALSE
	EndGlobalSection
	GlobalSection(ExtensibilityGlobals) = postSolution
		SolutionGuid = {84231E08-EE83-4654-A6AA-D8B8E3EA7DDC}
	EndGlobalSection
EndGlobal
