
Microsoft Visual Studio Solution File, Format Version 12.00
# Visual Studio Version 17
VisualStudioVersion = 17.7.34024.191
MinimumVisualStudioVersion = 10.0.40219.1
Project("{FAE04EC0-301F-11D3-BF4B-00C04F79EFBC}") = "ClassesSeptimy", "ClassesSeptimy\ClassesSeptimy.csproj", "{DEE80F0B-F151-4A35-8FAB-54C257DABB46}"
EndProject
Global
	GlobalSection(SolutionConfigurationPlatforms) = preSolution
		Debug|Any CPU = Debug|Any CPU
		Release|Any CPU = Release|Any CPU
	EndGlobalSection
	GlobalSection(ProjectConfigurationPlatforms) = postSolution
		{DEE80F0B-F151-4A35-8FAB-54C257DABB46}.Debug|Any CPU.ActiveCfg = Debug|Any CPU
		{DEE80F0B-F151-4A35-8FAB-54C257DABB46}.Debug|Any CPU.Build.0 = Debug|Any CPU
		{DEE80F0B-F151-4A35-8FAB-54C257DABB46}.Release|Any CPU.ActiveCfg = Release|Any CPU
		{DEE80F0B-F151-4A35-8FAB-54C257DABB46}.Release|Any CPU.Build.0 = Release|Any CPU
	EndGlobalSection
	GlobalSection(SolutionProperties) = preSolution
		HideSolutionNode = FALSE
	EndGlobalSection
	GlobalSection(ExtensibilityGlobals) = postSolution
		SolutionGuid = {8BD368E0-93FE-46A3-BAEC-1E2B6BF443EE}
	EndGlobalSection
EndGlobal
